
Microsoft Visual Studio Solution File, Format Version 12.00
# Visual Studio Version 17
VisualStudioVersion = 17.12.35527.113
MinimumVisualStudioVersion = 10.0.40219.1
Project("{2150E333-8FDC-42A3-9474-1A3956D46DE8}") = "Solution Items", "Solution Items", "{E469BD16-5299-4D84-A659-6105CBD24FC2}"
	ProjectSection(SolutionItems) = preProject
		README.md = README.md
	EndProjectSection
EndProject
Project("{2150E333-8FDC-42A3-9474-1A3956D46DE8}") = "src", "src", "{880C6BE4-BA2F-4AF7-8CD3-1F1849BF97EF}"
EndProject
Project("{2150E333-8FDC-42A3-9474-1A3956D46DE8}") = "Tests", "Tests", "{A0363547-C562-4C7C-9DAD-516E835E41F8}"
EndProject
Project("{2150E333-8FDC-42A3-9474-1A3956D46DE8}") = "Core", "Core", "{6BF2238F-8275-4F07-85D2-BC040AD728E0}"
EndProject
Project("{FAE04EC0-301F-11D3-BF4B-00C04F79EFBC}") = "Template.Common.Domain", "src\Core\Template.Common.Domain\Template.Common.Domain.csproj", "{4DD72BD8-5FB4-4B68-865D-B6F37D4606EA}"
EndProject
Project("{FAE04EC0-301F-11D3-BF4B-00C04F79EFBC}") = "Template.Common.Core", "src\Core\Template.Common.Core\Template.Common.Core.csproj", "{A7A009EF-2027-47C5-A0FF-DAC85AECBA11}"
EndProject
Project("{FAE04EC0-301F-11D3-BF4B-00C04F79EFBC}") = "Template.Infrastructure", "src\Core\Template.Infrastructure\Template.Infrastructure.csproj", "{6C6D8B58-05A4-4C8C-874E-B34C52BFBC18}"
EndProject
Project("{FAE04EC0-301F-11D3-BF4B-00C04F79EFBC}") = "Template.Domain", "src\Core\Template.Domain\Template.Domain.csproj", "{B59E7780-93B5-47BE-83FC-475B892E27E0}"
EndProject
Project("{FAE04EC0-301F-11D3-BF4B-00C04F79EFBC}") = "Template.Application", "src\Core\Template.Application\Template.Application.csproj", "{FB6401C3-0309-46ED-A9EC-E75644FC6544}"
EndProject
Project("{2150E333-8FDC-42A3-9474-1A3956D46DE8}") = "API", "API", "{58D73CB2-2F34-4C70-B1FD-3E0F13C72BFE}"
EndProject
Project("{FAE04EC0-301F-11D3-BF4B-00C04F79EFBC}") = "API.Template", "src\API\API.Template\API.Template.csproj", "{88F34C76-C52B-460E-8911-CC9754459010}"
EndProject
Project("{2150E333-8FDC-42A3-9474-1A3956D46DE8}") = "IntegrationTests", "IntegrationTests", "{ED2020CC-E4C3-4CD8-83B8-67583A9245AA}"
EndProject
Project("{2150E333-8FDC-42A3-9474-1A3956D46DE8}") = "UnitTests", "UnitTests", "{59077183-FCB3-4C8B-9593-A283E70594B9}"
EndProject
Project("{FAE04EC0-301F-11D3-BF4B-00C04F79EFBC}") = "API.Template.Tests", "tests\API.Template.Tests\API.Template.Tests.csproj", "{54F3513C-DF13-4BF8-9B8D-D3513133872F}"
EndProject
Project("{FAE04EC0-301F-11D3-BF4B-00C04F79EFBC}") = "Template.Common.Domain.Tests", "tests\Template.Common.Domain.Tests\Template.Common.Domain.Tests.csproj", "{4C7C8669-575E-4DCF-B19B-49284FF88008}"
EndProject
Project("{E53339B2-1760-4266-BCC7-CA923CBCF16C}") = "docker-compose", "docker-compose.dcproj", "{38191EDD-D672-4151-AC0A-DA91327BEC40}"
EndProject
Global
	GlobalSection(SolutionConfigurationPlatforms) = preSolution
		Debug|Any CPU = Debug|Any CPU
		Release|Any CPU = Release|Any CPU
	EndGlobalSection
	GlobalSection(ProjectConfigurationPlatforms) = postSolution
		{4DD72BD8-5FB4-4B68-865D-B6F37D4606EA}.Debug|Any CPU.ActiveCfg = Debug|Any CPU
		{4DD72BD8-5FB4-4B68-865D-B6F37D4606EA}.Debug|Any CPU.Build.0 = Debug|Any CPU
		{4DD72BD8-5FB4-4B68-865D-B6F37D4606EA}.Release|Any CPU.ActiveCfg = Release|Any CPU
		{4DD72BD8-5FB4-4B68-865D-B6F37D4606EA}.Release|Any CPU.Build.0 = Release|Any CPU
		{A7A009EF-2027-47C5-A0FF-DAC85AECBA11}.Debug|Any CPU.ActiveCfg = Debug|Any CPU
		{A7A009EF-2027-47C5-A0FF-DAC85AECBA11}.Debug|Any CPU.Build.0 = Debug|Any CPU
		{A7A009EF-2027-47C5-A0FF-DAC85AECBA11}.Release|Any CPU.ActiveCfg = Release|Any CPU
		{A7A009EF-2027-47C5-A0FF-DAC85AECBA11}.Release|Any CPU.Build.0 = Release|Any CPU
		{6C6D8B58-05A4-4C8C-874E-B34C52BFBC18}.Debug|Any CPU.ActiveCfg = Debug|Any CPU
		{6C6D8B58-05A4-4C8C-874E-B34C52BFBC18}.Debug|Any CPU.Build.0 = Debug|Any CPU
		{6C6D8B58-05A4-4C8C-874E-B34C52BFBC18}.Release|Any CPU.ActiveCfg = Release|Any CPU
		{6C6D8B58-05A4-4C8C-874E-B34C52BFBC18}.Release|Any CPU.Build.0 = Release|Any CPU
		{B59E7780-93B5-47BE-83FC-475B892E27E0}.Debug|Any CPU.ActiveCfg = Debug|Any CPU
		{B59E7780-93B5-47BE-83FC-475B892E27E0}.Debug|Any CPU.Build.0 = Debug|Any CPU
		{B59E7780-93B5-47BE-83FC-475B892E27E0}.Release|Any CPU.ActiveCfg = Release|Any CPU
		{B59E7780-93B5-47BE-83FC-475B892E27E0}.Release|Any CPU.Build.0 = Release|Any CPU
		{FB6401C3-0309-46ED-A9EC-E75644FC6544}.Debug|Any CPU.ActiveCfg = Debug|Any CPU
		{FB6401C3-0309-46ED-A9EC-E75644FC6544}.Debug|Any CPU.Build.0 = Debug|Any CPU
		{FB6401C3-0309-46ED-A9EC-E75644FC6544}.Release|Any CPU.ActiveCfg = Release|Any CPU
		{FB6401C3-0309-46ED-A9EC-E75644FC6544}.Release|Any CPU.Build.0 = Release|Any CPU
		{88F34C76-C52B-460E-8911-CC9754459010}.Debug|Any CPU.ActiveCfg = Debug|Any CPU
		{88F34C76-C52B-460E-8911-CC9754459010}.Debug|Any CPU.Build.0 = Debug|Any CPU
		{88F34C76-C52B-460E-8911-CC9754459010}.Release|Any CPU.ActiveCfg = Release|Any CPU
		{88F34C76-C52B-460E-8911-CC9754459010}.Release|Any CPU.Build.0 = Release|Any CPU
		{54F3513C-DF13-4BF8-9B8D-D3513133872F}.Debug|Any CPU.ActiveCfg = Debug|Any CPU
		{54F3513C-DF13-4BF8-9B8D-D3513133872F}.Debug|Any CPU.Build.0 = Debug|Any CPU
		{54F3513C-DF13-4BF8-9B8D-D3513133872F}.Release|Any CPU.ActiveCfg = Release|Any CPU
		{54F3513C-DF13-4BF8-9B8D-D3513133872F}.Release|Any CPU.Build.0 = Release|Any CPU
		{4C7C8669-575E-4DCF-B19B-49284FF88008}.Debug|Any CPU.ActiveCfg = Debug|Any CPU
		{4C7C8669-575E-4DCF-B19B-49284FF88008}.Debug|Any CPU.Build.0 = Debug|Any CPU
		{4C7C8669-575E-4DCF-B19B-49284FF88008}.Release|Any CPU.ActiveCfg = Release|Any CPU
		{4C7C8669-575E-4DCF-B19B-49284FF88008}.Release|Any CPU.Build.0 = Release|Any CPU
		{38191EDD-D672-4151-AC0A-DA91327BEC40}.Debug|Any CPU.ActiveCfg = Debug|Any CPU
		{38191EDD-D672-4151-AC0A-DA91327BEC40}.Debug|Any CPU.Build.0 = Debug|Any CPU
		{38191EDD-D672-4151-AC0A-DA91327BEC40}.Release|Any CPU.ActiveCfg = Release|Any CPU
		{38191EDD-D672-4151-AC0A-DA91327BEC40}.Release|Any CPU.Build.0 = Release|Any CPU
	EndGlobalSection
	GlobalSection(SolutionProperties) = preSolution
		HideSolutionNode = FALSE
	EndGlobalSection
	GlobalSection(NestedProjects) = preSolution
		{6BF2238F-8275-4F07-85D2-BC040AD728E0} = {880C6BE4-BA2F-4AF7-8CD3-1F1849BF97EF}
		{4DD72BD8-5FB4-4B68-865D-B6F37D4606EA} = {6BF2238F-8275-4F07-85D2-BC040AD728E0}
		{A7A009EF-2027-47C5-A0FF-DAC85AECBA11} = {6BF2238F-8275-4F07-85D2-BC040AD728E0}
		{6C6D8B58-05A4-4C8C-874E-B34C52BFBC18} = {6BF2238F-8275-4F07-85D2-BC040AD728E0}
		{B59E7780-93B5-47BE-83FC-475B892E27E0} = {6BF2238F-8275-4F07-85D2-BC040AD728E0}
		{FB6401C3-0309-46ED-A9EC-E75644FC6544} = {6BF2238F-8275-4F07-85D2-BC040AD728E0}
		{58D73CB2-2F34-4C70-B1FD-3E0F13C72BFE} = {880C6BE4-BA2F-4AF7-8CD3-1F1849BF97EF}
		{88F34C76-C52B-460E-8911-CC9754459010} = {58D73CB2-2F34-4C70-B1FD-3E0F13C72BFE}
		{ED2020CC-E4C3-4CD8-83B8-67583A9245AA} = {A0363547-C562-4C7C-9DAD-516E835E41F8}
		{59077183-FCB3-4C8B-9593-A283E70594B9} = {A0363547-C562-4C7C-9DAD-516E835E41F8}
		{54F3513C-DF13-4BF8-9B8D-D3513133872F} = {ED2020CC-E4C3-4CD8-83B8-67583A9245AA}
		{4C7C8669-575E-4DCF-B19B-49284FF88008} = {59077183-FCB3-4C8B-9593-A283E70594B9}
	EndGlobalSection
EndGlobal
